{
  "name": "poc-zapatos",
  "version": "1.0.0",
  "lockfileVersion": 1,
  "requires": true,
  "dependencies": {
    "zapatos": {
      "version": "0.1.54",
      "resolved": "https://registry.npmjs.org/zapatos/-/zapatos-0.1.54.tgz",
      "integrity": "sha512-h2yh0LLEYICXq7QVS4kzvXkcCaIz6DdbZPW3uC8PKgWu7hC67GFk5tLeG9NPCVQvj1T6L7q1FdfEOW5h08H63w==",
      "dev": true
    }
  }
}
